
Microsoft Visual Studio Solution File, Format Version 12.00
# Visual Studio Version 16
VisualStudioVersion = 16.6.30114.105
MinimumVisualStudioVersion = 10.0.40219.1
Project("{9A19103F-16F7-4668-BE54-9A1E7A4F7556}") = "models", "models\models.csproj", "{D90E7E68-3B23-4C93-A048-1AA9572D0E7F}"
EndProject
Project("{9A19103F-16F7-4668-BE54-9A1E7A4F7556}") = "DL", "DL\DL.csproj", "{99B131BA-358A-45BC-8B75-709C77E2260E}"
EndProject
Project("{9A19103F-16F7-4668-BE54-9A1E7A4F7556}") = "BL", "BL\BL.csproj", "{FD7273AC-B5BD-4535-8346-1C4AE477B102}"
EndProject
Project("{FAE04EC0-301F-11D3-BF4B-00C04F79EFBC}") = "StoreUI", "StoreUI\StoreUI.csproj", "{E27B4D37-387B-4DDF-97FA-28F1318AFA56}"
EndProject
Global
	GlobalSection(SolutionConfigurationPlatforms) = preSolution
		Debug|Any CPU = Debug|Any CPU
		Debug|x64 = Debug|x64
		Debug|x86 = Debug|x86
		Release|Any CPU = Release|Any CPU
		Release|x64 = Release|x64
		Release|x86 = Release|x86
	EndGlobalSection
	GlobalSection(ProjectConfigurationPlatforms) = postSolution
		{D90E7E68-3B23-4C93-A048-1AA9572D0E7F}.Debug|Any CPU.ActiveCfg = Debug|Any CPU
		{D90E7E68-3B23-4C93-A048-1AA9572D0E7F}.Debug|Any CPU.Build.0 = Debug|Any CPU
		{D90E7E68-3B23-4C93-A048-1AA9572D0E7F}.Debug|x64.ActiveCfg = Debug|Any CPU
		{D90E7E68-3B23-4C93-A048-1AA9572D0E7F}.Debug|x64.Build.0 = Debug|Any CPU
		{D90E7E68-3B23-4C93-A048-1AA9572D0E7F}.Debug|x86.ActiveCfg = Debug|Any CPU
		{D90E7E68-3B23-4C93-A048-1AA9572D0E7F}.Debug|x86.Build.0 = Debug|Any CPU
		{D90E7E68-3B23-4C93-A048-1AA9572D0E7F}.Release|Any CPU.ActiveCfg = Release|Any CPU
		{D90E7E68-3B23-4C93-A048-1AA9572D0E7F}.Release|Any CPU.Build.0 = Release|Any CPU
		{D90E7E68-3B23-4C93-A048-1AA9572D0E7F}.Release|x64.ActiveCfg = Release|Any CPU
		{D90E7E68-3B23-4C93-A048-1AA9572D0E7F}.Release|x64.Build.0 = Release|Any CPU
		{D90E7E68-3B23-4C93-A048-1AA9572D0E7F}.Release|x86.ActiveCfg = Release|Any CPU
		{D90E7E68-3B23-4C93-A048-1AA9572D0E7F}.Release|x86.Build.0 = Release|Any CPU
		{99B131BA-358A-45BC-8B75-709C77E2260E}.Debug|Any CPU.ActiveCfg = Debug|Any CPU
		{99B131BA-358A-45BC-8B75-709C77E2260E}.Debug|Any CPU.Build.0 = Debug|Any CPU
		{99B131BA-358A-45BC-8B75-709C77E2260E}.Debug|x64.ActiveCfg = Debug|Any CPU
		{99B131BA-358A-45BC-8B75-709C77E2260E}.Debug|x64.Build.0 = Debug|Any CPU
		{99B131BA-358A-45BC-8B75-709C77E2260E}.Debug|x86.ActiveCfg = Debug|Any CPU
		{99B131BA-358A-45BC-8B75-709C77E2260E}.Debug|x86.Build.0 = Debug|Any CPU
		{99B131BA-358A-45BC-8B75-709C77E2260E}.Release|Any CPU.ActiveCfg = Release|Any CPU
		{99B131BA-358A-45BC-8B75-709C77E2260E}.Release|Any CPU.Build.0 = Release|Any CPU
		{99B131BA-358A-45BC-8B75-709C77E2260E}.Release|x64.ActiveCfg = Release|Any CPU
		{99B131BA-358A-45BC-8B75-709C77E2260E}.Release|x64.Build.0 = Release|Any CPU
		{99B131BA-358A-45BC-8B75-709C77E2260E}.Release|x86.ActiveCfg = Release|Any CPU
		{99B131BA-358A-45BC-8B75-709C77E2260E}.Release|x86.Build.0 = Release|Any CPU
		{FD7273AC-B5BD-4535-8346-1C4AE477B102}.Debug|Any CPU.ActiveCfg = Debug|Any CPU
		{FD7273AC-B5BD-4535-8346-1C4AE477B102}.Debug|Any CPU.Build.0 = Debug|Any CPU
		{FD7273AC-B5BD-4535-8346-1C4AE477B102}.Debug|x64.ActiveCfg = Debug|Any CPU
		{FD7273AC-B5BD-4535-8346-1C4AE477B102}.Debug|x64.Build.0 = Debug|Any CPU
		{FD7273AC-B5BD-4535-8346-1C4AE477B102}.Debug|x86.ActiveCfg = Debug|Any CPU
		{FD7273AC-B5BD-4535-8346-1C4AE477B102}.Debug|x86.Build.0 = Debug|Any CPU
		{FD7273AC-B5BD-4535-8346-1C4AE477B102}.Release|Any CPU.ActiveCfg = Release|Any CPU
		{FD7273AC-B5BD-4535-8346-1C4AE477B102}.Release|Any CPU.Build.0 = Release|Any CPU
		{FD7273AC-B5BD-4535-8346-1C4AE477B102}.Release|x64.ActiveCfg = Release|Any CPU
		{FD7273AC-B5BD-4535-8346-1C4AE477B102}.Release|x64.Build.0 = Release|Any CPU
		{FD7273AC-B5BD-4535-8346-1C4AE477B102}.Release|x86.ActiveCfg = Release|Any CPU
		{FD7273AC-B5BD-4535-8346-1C4AE477B102}.Release|x86.Build.0 = Release|Any CPU
		{E27B4D37-387B-4DDF-97FA-28F1318AFA56}.Debug|Any CPU.ActiveCfg = Debug|Any CPU
		{E27B4D37-387B-4DDF-97FA-28F1318AFA56}.Debug|Any CPU.Build.0 = Debug|Any CPU
		{E27B4D37-387B-4DDF-97FA-28F1318AFA56}.Debug|x64.ActiveCfg = Debug|Any CPU
		{E27B4D37-387B-4DDF-97FA-28F1318AFA56}.Debug|x64.Build.0 = Debug|Any CPU
		{E27B4D37-387B-4DDF-97FA-28F1318AFA56}.Debug|x86.ActiveCfg = Debug|Any CPU
		{E27B4D37-387B-4DDF-97FA-28F1318AFA56}.Debug|x86.Build.0 = Debug|Any CPU
		{E27B4D37-387B-4DDF-97FA-28F1318AFA56}.Release|Any CPU.ActiveCfg = Release|Any CPU
		{E27B4D37-387B-4DDF-97FA-28F1318AFA56}.Release|Any CPU.Build.0 = Release|Any CPU
		{E27B4D37-387B-4DDF-97FA-28F1318AFA56}.Release|x64.ActiveCfg = Release|Any CPU
		{E27B4D37-387B-4DDF-97FA-28F1318AFA56}.Release|x64.Build.0 = Release|Any CPU
		{E27B4D37-387B-4DDF-97FA-28F1318AFA56}.Release|x86.ActiveCfg = Release|Any CPU
		{E27B4D37-387B-4DDF-97FA-28F1318AFA56}.Release|x86.Build.0 = Release|Any CPU
	EndGlobalSection
	GlobalSection(SolutionProperties) = preSolution
		HideSolutionNode = FALSE
	EndGlobalSection
	GlobalSection(ExtensibilityGlobals) = postSolution
		SolutionGuid = {B25D3225-0FD5-4710-8E72-29E61052D216}
	EndGlobalSection
EndGlobal
